
Microsoft Visual Studio Solution File, Format Version 12.00
# Visual Studio Version 16
VisualStudioVersion = 16.0.29411.108
MinimumVisualStudioVersion = 10.0.40219.1
Project("{FAE04EC0-301F-11D3-BF4B-00C04F79EFBC}") = "Janda.Runtime.Watchers", "Janda.Runtime.Watchers\Janda.Runtime.Watchers.csproj", "{759077C8-B3E7-4000-9B58-BC8CC0B22109}"
EndProject
Project("{FAE04EC0-301F-11D3-BF4B-00C04F79EFBC}") = "Janda.Runtime.Application", "Janda.Runtime.Application\Janda.Runtime.Application.csproj", "{DFAA6F7A-4925-43C5-8E3E-CE3CDE23DADA}"
EndProject
Project("{FAE04EC0-301F-11D3-BF4B-00C04F79EFBC}") = "Janda.Runtime.Application.Abstractions", "Janda.Runtime.Application.Abstractions\Janda.Runtime.Application.Abstractions.csproj", "{C7238881-E038-4DFD-8DA8-37E363251B70}"
EndProject
Global
	GlobalSection(SolutionProperties) = preSolution
		HideSolutionNode = FALSE
	EndGlobalSection
	GlobalSection(SolutionConfigurationPlatforms) = preSolution
		Debug|Any CPU = Debug|Any CPU
		Debug|x64 = Debug|x64
		Debug|x86 = Debug|x86
		Release|Any CPU = Release|Any CPU
		Release|x64 = Release|x64
		Release|x86 = Release|x86
	EndGlobalSection
	GlobalSection(ProjectConfigurationPlatforms) = postSolution
		{759077C8-B3E7-4000-9B58-BC8CC0B22109}.Debug|Any CPU.ActiveCfg = Debug|Any CPU
		{759077C8-B3E7-4000-9B58-BC8CC0B22109}.Debug|Any CPU.Build.0 = Debug|Any CPU
		{759077C8-B3E7-4000-9B58-BC8CC0B22109}.Debug|x64.ActiveCfg = Debug|Any CPU
		{759077C8-B3E7-4000-9B58-BC8CC0B22109}.Debug|x64.Build.0 = Debug|Any CPU
		{759077C8-B3E7-4000-9B58-BC8CC0B22109}.Debug|x86.ActiveCfg = Debug|Any CPU
		{759077C8-B3E7-4000-9B58-BC8CC0B22109}.Debug|x86.Build.0 = Debug|Any CPU
		{759077C8-B3E7-4000-9B58-BC8CC0B22109}.Release|Any CPU.ActiveCfg = Release|Any CPU
		{759077C8-B3E7-4000-9B58-BC8CC0B22109}.Release|Any CPU.Build.0 = Release|Any CPU
		{759077C8-B3E7-4000-9B58-BC8CC0B22109}.Release|x64.ActiveCfg = Release|Any CPU
		{759077C8-B3E7-4000-9B58-BC8CC0B22109}.Release|x64.Build.0 = Release|Any CPU
		{759077C8-B3E7-4000-9B58-BC8CC0B22109}.Release|x86.ActiveCfg = Release|Any CPU
		{759077C8-B3E7-4000-9B58-BC8CC0B22109}.Release|x86.Build.0 = Release|Any CPU
		{DFAA6F7A-4925-43C5-8E3E-CE3CDE23DADA}.Debug|Any CPU.ActiveCfg = Debug|Any CPU
		{DFAA6F7A-4925-43C5-8E3E-CE3CDE23DADA}.Debug|Any CPU.Build.0 = Debug|Any CPU
		{DFAA6F7A-4925-43C5-8E3E-CE3CDE23DADA}.Debug|x64.ActiveCfg = Debug|Any CPU
		{DFAA6F7A-4925-43C5-8E3E-CE3CDE23DADA}.Debug|x64.Build.0 = Debug|Any CPU
		{DFAA6F7A-4925-43C5-8E3E-CE3CDE23DADA}.Debug|x86.ActiveCfg = Debug|Any CPU
		{DFAA6F7A-4925-43C5-8E3E-CE3CDE23DADA}.Debug|x86.Build.0 = Debug|Any CPU
		{DFAA6F7A-4925-43C5-8E3E-CE3CDE23DADA}.Release|Any CPU.ActiveCfg = Release|Any CPU
		{DFAA6F7A-4925-43C5-8E3E-CE3CDE23DADA}.Release|Any CPU.Build.0 = Release|Any CPU
		{DFAA6F7A-4925-43C5-8E3E-CE3CDE23DADA}.Release|x64.ActiveCfg = Release|Any CPU
		{DFAA6F7A-4925-43C5-8E3E-CE3CDE23DADA}.Release|x64.Build.0 = Release|Any CPU
		{DFAA6F7A-4925-43C5-8E3E-CE3CDE23DADA}.Release|x86.ActiveCfg = Release|Any CPU
		{DFAA6F7A-4925-43C5-8E3E-CE3CDE23DADA}.Release|x86.Build.0 = Release|Any CPU
		{C7238881-E038-4DFD-8DA8-37E363251B70}.Debug|Any CPU.ActiveCfg = Debug|Any CPU
		{C7238881-E038-4DFD-8DA8-37E363251B70}.Debug|Any CPU.Build.0 = Debug|Any CPU
		{C7238881-E038-4DFD-8DA8-37E363251B70}.Debug|x64.ActiveCfg = Debug|Any CPU
		{C7238881-E038-4DFD-8DA8-37E363251B70}.Debug|x64.Build.0 = Debug|Any CPU
		{C7238881-E038-4DFD-8DA8-37E363251B70}.Debug|x86.ActiveCfg = Debug|Any CPU
		{C7238881-E038-4DFD-8DA8-37E363251B70}.Debug|x86.Build.0 = Debug|Any CPU
		{C7238881-E038-4DFD-8DA8-37E363251B70}.Release|Any CPU.ActiveCfg = Release|Any CPU
		{C7238881-E038-4DFD-8DA8-37E363251B70}.Release|Any CPU.Build.0 = Release|Any CPU
		{C7238881-E038-4DFD-8DA8-37E363251B70}.Release|x64.ActiveCfg = Release|Any CPU
		{C7238881-E038-4DFD-8DA8-37E363251B70}.Release|x64.Build.0 = Release|Any CPU
		{C7238881-E038-4DFD-8DA8-37E363251B70}.Release|x86.ActiveCfg = Release|Any CPU
		{C7238881-E038-4DFD-8DA8-37E363251B70}.Release|x86.Build.0 = Release|Any CPU
	EndGlobalSection
EndGlobal
